
Microsoft Visual Studio Solution File, Format Version 12.00
# Visual Studio Version 17
VisualStudioVersion = 17.5.33414.496
MinimumVisualStudioVersion = 10.0.40219.1
Project("{FAE04EC0-301F-11D3-BF4B-00C04F79EFBC}") = "MergeSort", "MergeSort.csproj", "{47071960-508B-4588-A1B4-0F9F8AAFE43F}"
EndProject
Global
	GlobalSection(SolutionConfigurationPlatforms) = preSolution
		Debug|Any CPU = Debug|Any CPU
		Release|Any CPU = Release|Any CPU
	EndGlobalSection
	GlobalSection(ProjectConfigurationPlatforms) = postSolution
		{47071960-508B-4588-A1B4-0F9F8AAFE43F}.Debug|Any CPU.ActiveCfg = Debug|Any CPU
		{47071960-508B-4588-A1B4-0F9F8AAFE43F}.Debug|Any CPU.Build.0 = Debug|Any CPU
		{47071960-508B-4588-A1B4-0F9F8AAFE43F}.Release|Any CPU.ActiveCfg = Release|Any CPU
		{47071960-508B-4588-A1B4-0F9F8AAFE43F}.Release|Any CPU.Build.0 = Release|Any CPU
	EndGlobalSection
	GlobalSection(SolutionProperties) = preSolution
		HideSolutionNode = FALSE
	EndGlobalSection
	GlobalSection(ExtensibilityGlobals) = postSolution
		SolutionGuid = {B12BC98B-4BD5-4FA5-8051-F50F6EDD694A}
	EndGlobalSection
EndGlobal
